// !$*UTF8*$!
{
	archiveVersion = 1;
	classes = {
	};
	objectVersion = 56;
	objects = {

/* Begin PBXBuildFile section */
		CDC893D5BAD2BE6736F23A51 /* Pods_GEReelsMapView.framework in Frameworks */ = {isa = PBXBuildFile; fileRef = 4554ADD794BA2DECA55CB7AE /* Pods_GEReelsMapView.framework */; };
		D12599582BC0A00600426AE2 /* GEReelsMapView.m in Sources */ = {isa = PBXBuildFile; fileRef = D12599572BC0A00600426AE2 /* GEReelsMapView.m */; };
		D12599592BC0A00600426AE2 /* GEReelsMapView.h in CopyFiles */ = {isa = PBXBuildFile; fileRef = D12599562BC0A00600426AE2 /* GEReelsMapView.h */; };
		D12599672BC0A01400426AE2 /* UIView+Named.m in Sources */ = {isa = PBXBuildFile; fileRef = D12599632BC0A01400426AE2 /* UIView+Named.m */; };
		D12599682BC0A01400426AE2 /* GEReelsMapView.m in Sources */ = {isa = PBXBuildFile; fileRef = D12599642BC0A01400426AE2 /* GEReelsMapView.m */; };
		D12599692BC0A01400426AE2 /* CALayer+HitLock.m in Sources */ = {isa = PBXBuildFile; fileRef = D12599652BC0A01400426AE2 /* CALayer+HitLock.m */; };
		D125996A2BC0A01400426AE2 /* GEReelsMapConstants.m in Sources */ = {isa = PBXBuildFile; fileRef = D12599662BC0A01400426AE2 /* GEReelsMapConstants.m */; };
/* End PBXBuildFile section */

/* Begin PBXCopyFilesBuildPhase section */
		D12599512BC0A00600426AE2 /* CopyFiles */ = {
			isa = PBXCopyFilesBuildPhase;
			buildActionMask = 2147483647;
			dstPath = "include/$(PRODUCT_NAME)";
			dstSubfolderSpec = 16;
			files = (
				D12599592BC0A00600426AE2 /* GEReelsMapView.h in CopyFiles */,
			);
			runOnlyForDeploymentPostprocessing = 0;
		};
/* End PBXCopyFilesBuildPhase section */

/* Begin PBXFileReference section */
		4554ADD794BA2DECA55CB7AE /* Pods_GEReelsMapView.framework */ = {isa = PBXFileReference; explicitFileType = wrapper.framework; includeInIndex = 0; path = Pods_GEReelsMapView.framework; sourceTree = BUILT_PRODUCTS_DIR; };
		4E9B6934951DE351DFBBE0F3 /* Pods-GEReelsMapView.release.xcconfig */ = {isa = PBXFileReference; includeInIndex = 1; lastKnownFileType = text.xcconfig; name = "Pods-GEReelsMapView.release.xcconfig"; path = "Target Support Files/Pods-GEReelsMapView/Pods-GEReelsMapView.release.xcconfig"; sourceTree = "<group>"; };
		AB93CCAB4ECB9B50EAA17549 /* Pods-GEReelsMapView.debug.xcconfig */ = {isa = PBXFileReference; includeInIndex = 1; lastKnownFileType = text.xcconfig; name = "Pods-GEReelsMapView.debug.xcconfig"; path = "Target Support Files/Pods-GEReelsMapView/Pods-GEReelsMapView.debug.xcconfig"; sourceTree = "<group>"; };
		D12599532BC0A00600426AE2 /* libGEReelsMapView.a */ = {isa = PBXFileReference; explicitFileType = archive.ar; includeInIndex = 0; path = libGEReelsMapView.a; sourceTree = BUILT_PRODUCTS_DIR; };
		D12599562BC0A00600426AE2 /* GEReelsMapView.h */ = {isa = PBXFileReference; lastKnownFileType = sourcecode.c.h; path = GEReelsMapView.h; sourceTree = "<group>"; };
		D12599572BC0A00600426AE2 /* GEReelsMapView.m */ = {isa = PBXFileReference; lastKnownFileType = sourcecode.c.objc; path = GEReelsMapView.m; sourceTree = "<group>"; };
		D125995F2BC0A01400426AE2 /* GEReelsMapConstants.h */ = {isa = PBXFileReference; fileEncoding = 4; lastKnownFileType = sourcecode.c.h; path = GEReelsMapConstants.h; sourceTree = "<group>"; };
		D12599602BC0A01400426AE2 /* GEReelsMapView.h */ = {isa = PBXFileReference; fileEncoding = 4; lastKnownFileType = sourcecode.c.h; name = GEReelsMapView.h; path = ../../baker/rms/ios/Vendor/GEReelsMapView/GEReelsMapView/GEReelsMapView.h; sourceTree = "<group>"; };
		D12599612BC0A01400426AE2 /* CALayer+HitLock.h */ = {isa = PBXFileReference; fileEncoding = 4; lastKnownFileType = sourcecode.c.h; path = "CALayer+HitLock.h"; sourceTree = "<group>"; };
		D12599622BC0A01400426AE2 /* UIView+Named.h */ = {isa = PBXFileReference; fileEncoding = 4; lastKnownFileType = sourcecode.c.h; path = "UIView+Named.h"; sourceTree = "<group>"; };
		D12599632BC0A01400426AE2 /* UIView+Named.m */ = {isa = PBXFileReference; fileEncoding = 4; lastKnownFileType = sourcecode.c.objc; path = "UIView+Named.m"; sourceTree = "<group>"; };
		D12599642BC0A01400426AE2 /* GEReelsMapView.m */ = {isa = PBXFileReference; fileEncoding = 4; lastKnownFileType = sourcecode.c.objc; name = GEReelsMapView.m; path = ../../baker/rms/ios/Vendor/GEReelsMapView/GEReelsMapView/GEReelsMapView.m; sourceTree = "<group>"; };
		D12599652BC0A01400426AE2 /* CALayer+HitLock.m */ = {isa = PBXFileReference; fileEncoding = 4; lastKnownFileType = sourcecode.c.objc; path = "CALayer+HitLock.m"; sourceTree = "<group>"; };
		D12599662BC0A01400426AE2 /* GEReelsMapConstants.m */ = {isa = PBXFileReference; fileEncoding = 4; lastKnownFileType = sourcecode.c.objc; path = GEReelsMapConstants.m; sourceTree = "<group>"; };
/* End PBXFileReference section */

/* Begin PBXFrameworksBuildPhase section */
		D12599502BC0A00600426AE2 /* Frameworks */ = {
			isa = PBXFrameworksBuildPhase;
			buildActionMask = 2147483647;
			files = (
				CDC893D5BAD2BE6736F23A51 /* Pods_GEReelsMapView.framework in Frameworks */,
			);
			runOnlyForDeploymentPostprocessing = 0;
		};
/* End PBXFrameworksBuildPhase section */

/* Begin PBXGroup section */
		1901928EEE15C408BC8F2DE0 /* Frameworks */ = {
			isa = PBXGroup;
			children = (
				4554ADD794BA2DECA55CB7AE /* Pods_GEReelsMapView.framework */,
			);
			name = Frameworks;
			sourceTree = "<group>";
		};
		D125994A2BC0A00600426AE2 = {
			isa = PBXGroup;
			children = (
				D12599552BC0A00600426AE2 /* GEReelsMapView */,
				D12599542BC0A00600426AE2 /* Products */,
				E54631B3D5C57782F984BF42 /* Pods */,
				1901928EEE15C408BC8F2DE0 /* Frameworks */,
			);
			sourceTree = "<group>";
		};
		D12599542BC0A00600426AE2 /* Products */ = {
			isa = PBXGroup;
			children = (
				D12599532BC0A00600426AE2 /* libGEReelsMapView.a */,
			);
			name = Products;
			sourceTree = "<group>";
		};
		D12599552BC0A00600426AE2 /* GEReelsMapView */ = {
			isa = PBXGroup;
			children = (
				D12599612BC0A01400426AE2 /* CALayer+HitLock.h */,
				D12599652BC0A01400426AE2 /* CALayer+HitLock.m */,
				D125995F2BC0A01400426AE2 /* GEReelsMapConstants.h */,
				D12599662BC0A01400426AE2 /* GEReelsMapConstants.m */,
				D12599602BC0A01400426AE2 /* GEReelsMapView.h */,
				D12599642BC0A01400426AE2 /* GEReelsMapView.m */,
				D12599622BC0A01400426AE2 /* UIView+Named.h */,
				D12599632BC0A01400426AE2 /* UIView+Named.m */,
				D12599562BC0A00600426AE2 /* GEReelsMapView.h */,
				D12599572BC0A00600426AE2 /* GEReelsMapView.m */,
			);
			path = GEReelsMapView;
			sourceTree = "<group>";
		};
		E54631B3D5C57782F984BF42 /* Pods */ = {
			isa = PBXGroup;
			children = (
				AB93CCAB4ECB9B50EAA17549 /* Pods-GEReelsMapView.debug.xcconfig */,
				4E9B6934951DE351DFBBE0F3 /* Pods-GEReelsMapView.release.xcconfig */,
			);
			path = Pods;
			sourceTree = "<group>";
		};
/* End PBXGroup section */

/* Begin PBXNativeTarget section */
		D12599522BC0A00600426AE2 /* GEReelsMapView */ = {
			isa = PBXNativeTarget;
			buildConfigurationList = D125995C2BC0A00600426AE2 /* Build configuration list for PBXNativeTarget "GEReelsMapView" */;
			buildPhases = (
				5DC26C88A4DE01F7667086BC /* [CP] Check Pods Manifest.lock */,
				D125994F2BC0A00600426AE2 /* Sources */,
				D12599502BC0A00600426AE2 /* Frameworks */,
				D12599512BC0A00600426AE2 /* CopyFiles */,
			);
			buildRules = (
			);
			dependencies = (
			);
			name = GEReelsMapView;
			productName = GEReelsMapView;
			productReference = D12599532BC0A00600426AE2 /* libGEReelsMapView.a */;
			productType = "com.apple.product-type.library.static";
		};
/* End PBXNativeTarget section */

/* Begin PBXProject section */
		D125994B2BC0A00600426AE2 /* Project object */ = {
			isa = PBXProject;
			attributes = {
				BuildIndependentTargetsInParallel = 1;
				LastUpgradeCheck = 1530;
				TargetAttributes = {
					D12599522BC0A00600426AE2 = {
						CreatedOnToolsVersion = 15.3;
					};
				};
			};
			buildConfigurationList = D125994E2BC0A00600426AE2 /* Build configuration list for PBXProject "GEReelsMapView" */;
			compatibilityVersion = "Xcode 14.0";
			developmentRegion = en;
			hasScannedForEncodings = 0;
			knownRegions = (
				en,
				Base,
			);
			mainGroup = D125994A2BC0A00600426AE2;
			productRefGroup = D12599542BC0A00600426AE2 /* Products */;
			projectDirPath = "";
			projectRoot = "";
			targets = (
				D12599522BC0A00600426AE2 /* GEReelsMapView */,
			);
		};
/* End PBXProject section */

/* Begin PBXShellScriptBuildPhase section */
		5DC26C88A4DE01F7667086BC /* [CP] Check Pods Manifest.lock */ = {
			isa = PBXShellScriptBuildPhase;
			buildActionMask = 2147483647;
			files = (
			);
			inputFileListPaths = (
			);
			inputPaths = (
				"${PODS_PODFILE_DIR_PATH}/Podfile.lock",
				"${PODS_ROOT}/Manifest.lock",
			);
			name = "[CP] Check Pods Manifest.lock";
			outputFileListPaths = (
			);
			outputPaths = (
				"$(DERIVED_FILE_DIR)/Pods-GEReelsMapView-checkManifestLockResult.txt",
			);
			runOnlyForDeploymentPostprocessing = 0;
			shellPath = /bin/sh;
			shellScript = "diff \"${PODS_PODFILE_DIR_PATH}/Podfile.lock\" \"${PODS_ROOT}/Manifest.lock\" > /dev/null\nif [ $? != 0 ] ; then\n    # print error to STDERR\n    echo \"error: The sandbox is not in sync with the Podfile.lock. Run 'pod install' or update your CocoaPods installation.\" >&2\n    exit 1\nfi\n# This output is used by Xcode 'outputs' to avoid re-running this script phase.\necho \"SUCCESS\" > \"${SCRIPT_OUTPUT_FILE_0}\"\n";
			showEnvVarsInLog = 0;
		};
/* End PBXShellScriptBuildPhase section */

/* Begin PBXSourcesBuildPhase section */
		D125994F2BC0A00600426AE2 /* Sources */ = {
			isa = PBXSourcesBuildPhase;
			buildActionMask = 2147483647;
			files = (
				D12599672BC0A01400426AE2 /* UIView+Named.m in Sources */,
				D125996A2BC0A01400426AE2 /* GEReelsMapConstants.m in Sources */,
				D12599682BC0A01400426AE2 /* GEReelsMapView.m in Sources */,
				D12599692BC0A01400426AE2 /* CALayer+HitLock.m in Sources */,
				D12599582BC0A00600426AE2 /* GEReelsMapView.m in Sources */,
			);
			runOnlyForDeploymentPostprocessing = 0;
		};
/* End PBXSourcesBuildPhase section */

/* Begin XCBuildConfiguration section */
		D125995A2BC0A00600426AE2 /* Debug */ = {
			isa = XCBuildConfiguration;
			buildSettings = {
				ALWAYS_SEARCH_USER_PATHS = NO;
				ASSETCATALOG_COMPILER_GENERATE_SWIFT_ASSET_SYMBOL_EXTENSIONS = YES;
				CLANG_ANALYZER_NONNULL = YES;
				CLANG_ANALYZER_NUMBER_OBJECT_CONVERSION = YES_AGGRESSIVE;
				CLANG_CXX_LANGUAGE_STANDARD = "gnu++20";
				CLANG_ENABLE_MODULES = YES;
				CLANG_ENABLE_OBJC_ARC = YES;
				CLANG_ENABLE_OBJC_WEAK = YES;
				CLANG_WARN_BLOCK_CAPTURE_AUTORELEASING = YES;
				CLANG_WARN_BOOL_CONVERSION = YES;
				CLANG_WARN_COMMA = YES;
				CLANG_WARN_CONSTANT_CONVERSION = YES;
				CLANG_WARN_DEPRECATED_OBJC_IMPLEMENTATIONS = YES;
				CLANG_WARN_DIRECT_OBJC_ISA_USAGE = YES_ERROR;
				CLANG_WARN_DOCUMENTATION_COMMENTS = YES;
				CLANG_WARN_EMPTY_BODY = YES;
				CLANG_WARN_ENUM_CONVERSION = YES;
				CLANG_WARN_INFINITE_RECURSION = YES;
				CLANG_WARN_INT_CONVERSION = YES;
				CLANG_WARN_NON_LITERAL_NULL_CONVERSION = YES;
				CLANG_WARN_OBJC_IMPLICIT_RETAIN_SELF = YES;
				CLANG_WARN_OBJC_LITERAL_CONVERSION = YES;
				CLANG_WARN_OBJC_ROOT_CLASS = YES_ERROR;
				CLANG_WARN_QUOTED_INCLUDE_IN_FRAMEWORK_HEADER = YES;
				CLANG_WARN_RANGE_LOOP_ANALYSIS = YES;
				CLANG_WARN_STRICT_PROTOTYPES = YES;
				CLANG_WARN_SUSPICIOUS_MOVE = YES;
				CLANG_WARN_UNGUARDED_AVAILABILITY = YES_AGGRESSIVE;
				CLANG_WARN_UNREACHABLE_CODE = YES;
				CLANG_WARN__DUPLICATE_METHOD_MATCH = YES;
				COPY_PHASE_STRIP = NO;
				DEBUG_INFORMATION_FORMAT = dwarf;
				ENABLE_STRICT_OBJC_MSGSEND = YES;
				ENABLE_TESTABILITY = YES;
				ENABLE_USER_SCRIPT_SANDBOXING = YES;
				GCC_C_LANGUAGE_STANDARD = gnu17;
				GCC_DYNAMIC_NO_PIC = NO;
				GCC_NO_COMMON_BLOCKS = YES;
				GCC_OPTIMIZATION_LEVEL = 0;
				GCC_PREPROCESSOR_DEFINITIONS = (
					"DEBUG=1",
					"$(inherited)",
				);
				GCC_WARN_64_TO_32_BIT_CONVERSION = YES;
				GCC_WARN_ABOUT_RETURN_TYPE = YES_ERROR;
				GCC_WARN_UNDECLARED_SELECTOR = YES;
				GCC_WARN_UNINITIALIZED_AUTOS = YES_AGGRESSIVE;
				GCC_WARN_UNUSED_FUNCTION = YES;
				GCC_WARN_UNUSED_VARIABLE = YES;
				IPHONEOS_DEPLOYMENT_TARGET = 12.0;
				LOCALIZATION_PREFERS_STRING_CATALOGS = YES;
				MTL_ENABLE_DEBUG_INFO = INCLUDE_SOURCE;
				MTL_FAST_MATH = YES;
				ONLY_ACTIVE_ARCH = YES;
				SDKROOT = iphoneos;
			};
			name = Debug;
		};
		D125995B2BC0A00600426AE2 /* Release */ = {
			isa = XCBuildConfiguration;
			buildSettings = {
				ALWAYS_SEARCH_USER_PATHS = NO;
				ASSETCATALOG_COMPILER_GENERATE_SWIFT_ASSET_SYMBOL_EXTENSIONS = YES;
				CLANG_ANALYZER_NONNULL = YES;
				CLANG_ANALYZER_NUMBER_OBJECT_CONVERSION = YES_AGGRESSIVE;
				CLANG_CXX_LANGUAGE_STANDARD = "gnu++20";
				CLANG_ENABLE_MODULES = YES;
				CLANG_ENABLE_OBJC_ARC = YES;
				CLANG_ENABLE_OBJC_WEAK = YES;
				CLANG_WARN_BLOCK_CAPTURE_AUTORELEASING = YES;
				CLANG_WARN_BOOL_CONVERSION = YES;
				CLANG_WARN_COMMA = YES;
				CLANG_WARN_CONSTANT_CONVERSION = YES;
				CLANG_WARN_DEPRECATED_OBJC_IMPLEMENTATIONS = YES;
				CLANG_WARN_DIRECT_OBJC_ISA_USAGE = YES_ERROR;
				CLANG_WARN_DOCUMENTATION_COMMENTS = YES;
				CLANG_WARN_EMPTY_BODY = YES;
				CLANG_WARN_ENUM_CONVERSION = YES;
				CLANG_WARN_INFINITE_RECURSION = YES;
				CLANG_WARN_INT_CONVERSION = YES;
				CLANG_WARN_NON_LITERAL_NULL_CONVERSION = YES;
				CLANG_WARN_OBJC_IMPLICIT_RETAIN_SELF = YES;
				CLANG_WARN_OBJC_LITERAL_CONVERSION = YES;
				CLANG_WARN_OBJC_ROOT_CLASS = YES_ERROR;
				CLANG_WARN_QUOTED_INCLUDE_IN_FRAMEWORK_HEADER = YES;
				CLANG_WARN_RANGE_LOOP_ANALYSIS = YES;
				CLANG_WARN_STRICT_PROTOTYPES = YES;
				CLANG_WARN_SUSPICIOUS_MOVE = YES;
				CLANG_WARN_UNGUARDED_AVAILABILITY = YES_AGGRESSIVE;
				CLANG_WARN_UNREACHABLE_CODE = YES;
				CLANG_WARN__DUPLICATE_METHOD_MATCH = YES;
				COPY_PHASE_STRIP = NO;
				DEBUG_INFORMATION_FORMAT = "dwarf-with-dsym";
				ENABLE_NS_ASSERTIONS = NO;
				ENABLE_STRICT_OBJC_MSGSEND = YES;
				ENABLE_USER_SCRIPT_SANDBOXING = YES;
				GCC_C_LANGUAGE_STANDARD = gnu17;
				GCC_NO_COMMON_BLOCKS = YES;
				GCC_WARN_64_TO_32_BIT_CONVERSION = YES;
				GCC_WARN_ABOUT_RETURN_TYPE = YES_ERROR;
				GCC_WARN_UNDECLARED_SELECTOR = YES;
				GCC_WARN_UNINITIALIZED_AUTOS = YES_AGGRESSIVE;
				GCC_WARN_UNUSED_FUNCTION = YES;
				GCC_WARN_UNUSED_VARIABLE = YES;
				IPHONEOS_DEPLOYMENT_TARGET = 12.0;
				LOCALIZATION_PREFERS_STRING_CATALOGS = YES;
				MTL_ENABLE_DEBUG_INFO = NO;
				MTL_FAST_MATH = YES;
				SDKROOT = iphoneos;
				VALIDATE_PRODUCT = YES;
			};
			name = Release;
		};
		D125995D2BC0A00600426AE2 /* Debug */ = {
			isa = XCBuildConfiguration;
			baseConfigurationReference = AB93CCAB4ECB9B50EAA17549 /* Pods-GEReelsMapView.debug.xcconfig */;
			buildSettings = {
				CODE_SIGN_STYLE = Automatic;
				DEVELOPMENT_TEAM = WY8CLDN9F8;
				IPHONEOS_DEPLOYMENT_TARGET = 12.0;
				OTHER_LDFLAGS = "-ObjC";
				PRODUCT_NAME = "$(TARGET_NAME)";
				SKIP_INSTALL = YES;
				TARGETED_DEVICE_FAMILY = "1,2";
			};
			name = Debug;
		};
		D125995E2BC0A00600426AE2 /* Release */ = {
			isa = XCBuildConfiguration;
			baseConfigurationReference = 4E9B6934951DE351DFBBE0F3 /* Pods-GEReelsMapView.release.xcconfig */;
			buildSettings = {
				CODE_SIGN_STYLE = Automatic;
				DEVELOPMENT_TEAM = WY8CLDN9F8;
				IPHONEOS_DEPLOYMENT_TARGET = 12.0;
				OTHER_LDFLAGS = "-ObjC";
				PRODUCT_NAME = "$(TARGET_NAME)";
				SKIP_INSTALL = YES;
				TARGETED_DEVICE_FAMILY = "1,2";
			};
			name = Release;
		};
/* End XCBuildConfiguration section */

/* Begin XCConfigurationList section */
		D125994E2BC0A00600426AE2 /* Build configuration list for PBXProject "GEReelsMapView" */ = {
			isa = XCConfigurationList;
			buildConfigurations = (
				D125995A2BC0A00600426AE2 /* Debug */,
				D125995B2BC0A00600426AE2 /* Release */,
			);
			defaultConfigurationIsVisible = 0;
			defaultConfigurationName = Release;
		};
		D125995C2BC0A00600426AE2 /* Build configuration list for PBXNativeTarget "GEReelsMapView" */ = {
			isa = XCConfigurationList;
			buildConfigurations = (
				D125995D2BC0A00600426AE2 /* Debug */,
				D125995E2BC0A00600426AE2 /* Release */,
			);
			defaultConfigurationIsVisible = 0;
			defaultConfigurationName = Release;
		};
/* End XCConfigurationList section */
	};
	rootObject = D125994B2BC0A00600426AE2 /* Project object */;
}
